// !$*UTF8*$!
{
	archiveVersion = 1;
	classes = {
	};
	objectVersion = 46;
	objects = {

/* Begin PBXBuildFile section */
		79655B6A193F6E1F0014234A /* Foundation.framework in Frameworks */ = {isa = PBXBuildFile; fileRef = 79655B69193F6E1F0014234A /* Foundation.framework */; };
		79655B6C193F6E1F0014234A /* CoreGraphics.framework in Frameworks */ = {isa = PBXBuildFile; fileRef = 79655B6B193F6E1F0014234A /* CoreGraphics.framework */; };
		79655B6E193F6E1F0014234A /* UIKit.framework in Frameworks */ = {isa = PBXBuildFile; fileRef = 79655B6D193F6E1F0014234A /* UIKit.framework */; };
		79655B70193F6E1F0014234A /* CoreData.framework in Frameworks */ = {isa = PBXBuildFile; fileRef = 79655B6F193F6E1F0014234A /* CoreData.framework */; };
		79655B76193F6E1F0014234A /* InfoPlist.strings in Resources */ = {isa = PBXBuildFile; fileRef = 79655B74193F6E1F0014234A /* InfoPlist.strings */; };
		79655B78193F6E1F0014234A /* main.m in Sources */ = {isa = PBXBuildFile; fileRef = 79655B77193F6E1F0014234A /* main.m */; };
		79655B7C193F6E1F0014234A /* AppDelegate.m in Sources */ = {isa = PBXBuildFile; fileRef = 79655B7B193F6E1F0014234A /* AppDelegate.m */; };
		79655B7F193F6E1F0014234A /* Main.storyboard in Resources */ = {isa = PBXBuildFile; fileRef = 79655B7D193F6E1F0014234A /* Main.storyboard */; };
		79655B82193F6E1F0014234A /* LovelyAnimalDays_iOS.xcdatamodeld in Sources */ = {isa = PBXBuildFile; fileRef = 79655B80193F6E1F0014234A /* LovelyAnimalDays_iOS.xcdatamodeld */; };
		79655B85193F6E1F0014234A /* MasterViewController.m in Sources */ = {isa = PBXBuildFile; fileRef = 79655B84193F6E1F0014234A /* MasterViewController.m */; };
		79655B88193F6E1F0014234A /* DetailViewController.m in Sources */ = {isa = PBXBuildFile; fileRef = 79655B87193F6E1F0014234A /* DetailViewController.m */; };
		79655B8A193F6E1F0014234A /* Images.xcassets in Resources */ = {isa = PBXBuildFile; fileRef = 79655B89193F6E1F0014234A /* Images.xcassets */; };
		79655B91193F6E1F0014234A /* XCTest.framework in Frameworks */ = {isa = PBXBuildFile; fileRef = 79655B90193F6E1F0014234A /* XCTest.framework */; };
		79655B92193F6E1F0014234A /* Foundation.framework in Frameworks */ = {isa = PBXBuildFile; fileRef = 79655B69193F6E1F0014234A /* Foundation.framework */; };
		79655B93193F6E1F0014234A /* UIKit.framework in Frameworks */ = {isa = PBXBuildFile; fileRef = 79655B6D193F6E1F0014234A /* UIKit.framework */; };
		79655B94193F6E1F0014234A /* CoreData.framework in Frameworks */ = {isa = PBXBuildFile; fileRef = 79655B6F193F6E1F0014234A /* CoreData.framework */; };
		79655B9C193F6E1F0014234A /* InfoPlist.strings in Resources */ = {isa = PBXBuildFile; fileRef = 79655B9A193F6E1F0014234A /* InfoPlist.strings */; };
		79655B9E193F6E1F0014234A /* LovelyAnimalDays_iOSTests.m in Sources */ = {isa = PBXBuildFile; fileRef = 79655B9D193F6E1F0014234A /* LovelyAnimalDays_iOSTests.m */; };
		79655BA9193F6FE10014234A /* Animal.m in Sources */ = {isa = PBXBuildFile; fileRef = 79655BA8193F6FE10014234A /* Animal.m */; };
/* End PBXBuildFile section */

/* Begin PBXContainerItemProxy section */
		79655B95193F6E1F0014234A /* PBXContainerItemProxy */ = {
			isa = PBXContainerItemProxy;
			containerPortal = 79655B5E193F6E1F0014234A /* Project object */;
			proxyType = 1;
			remoteGlobalIDString = 79655B65193F6E1F0014234A;
			remoteInfo = LovelyAnimalDays_iOS;
		};
/* End PBXContainerItemProxy section */

/* Begin PBXFileReference section */
		79655B66193F6E1F0014234A /* LovelyAnimalDays_iOS.app */ = {isa = PBXFileReference; explicitFileType = wrapper.application; includeInIndex = 0; path = LovelyAnimalDays_iOS.app; sourceTree = BUILT_PRODUCTS_DIR; };
		79655B69193F6E1F0014234A /* Foundation.framework */ = {isa = PBXFileReference; lastKnownFileType = wrapper.framework; name = Foundation.framework; path = System/Library/Frameworks/Foundation.framework; sourceTree = SDKROOT; };
		79655B6B193F6E1F0014234A /* CoreGraphics.framework */ = {isa = PBXFileReference; lastKnownFileType = wrapper.framework; name = CoreGraphics.framework; path = System/Library/Frameworks/CoreGraphics.framework; sourceTree = SDKROOT; };
		79655B6D193F6E1F0014234A /* UIKit.framework */ = {isa = PBXFileReference; lastKnownFileType = wrapper.framework; name = UIKit.framework; path = System/Library/Frameworks/UIKit.framework; sourceTree = SDKROOT; };
		79655B6F193F6E1F0014234A /* CoreData.framework */ = {isa = PBXFileReference; lastKnownFileType = wrapper.framework; name = CoreData.framework; path = System/Library/Frameworks/CoreData.framework; sourceTree = SDKROOT; };
		79655B73193F6E1F0014234A /* LovelyAnimalDays_iOS-Info.plist */ = {isa = PBXFileReference; lastKnownFileType = text.plist.xml; path = "LovelyAnimalDays_iOS-Info.plist"; sourceTree = "<group>"; };
		79655B75193F6E1F0014234A /* en */ = {isa = PBXFileReference; lastKnownFileType = text.plist.strings; name = en; path = en.lproj/InfoPlist.strings; sourceTree = "<group>"; };
		79655B77193F6E1F0014234A /* main.m */ = {isa = PBXFileReference; lastKnownFileType = sourcecode.c.objc; path = main.m; sourceTree = "<group>"; };
		79655B79193F6E1F0014234A /* LovelyAnimalDays_iOS-Prefix.pch */ = {isa = PBXFileReference; lastKnownFileType = sourcecode.c.h; path = "LovelyAnimalDays_iOS-Prefix.pch"; sourceTree = "<group>"; };
		79655B7A193F6E1F0014234A /* AppDelegate.h */ = {isa = PBXFileReference; lastKnownFileType = sourcecode.c.h; path = AppDelegate.h; sourceTree = "<group>"; };
		79655B7B193F6E1F0014234A /* AppDelegate.m */ = {isa = PBXFileReference; lastKnownFileType = sourcecode.c.objc; path = AppDelegate.m; sourceTree = "<group>"; };
		79655B7E193F6E1F0014234A /* Base */ = {isa = PBXFileReference; lastKnownFileType = file.storyboard; name = Base; path = Base.lproj/Main.storyboard; sourceTree = "<group>"; };
		79655B81193F6E1F0014234A /* LovelyAnimalDays_iOS.xcdatamodel */ = {isa = PBXFileReference; lastKnownFileType = wrapper.xcdatamodel; path = LovelyAnimalDays_iOS.xcdatamodel; sourceTree = "<group>"; };
		79655B83193F6E1F0014234A /* MasterViewController.h */ = {isa = PBXFileReference; lastKnownFileType = sourcecode.c.h; path = MasterViewController.h; sourceTree = "<group>"; };
		79655B84193F6E1F0014234A /* MasterViewController.m */ = {isa = PBXFileReference; lastKnownFileType = sourcecode.c.objc; path = MasterViewController.m; sourceTree = "<group>"; };
		79655B86193F6E1F0014234A /* DetailViewController.h */ = {isa = PBXFileReference; lastKnownFileType = sourcecode.c.h; path = DetailViewController.h; sourceTree = "<group>"; };
		79655B87193F6E1F0014234A /* DetailViewController.m */ = {isa = PBXFileReference; lastKnownFileType = sourcecode.c.objc; path = DetailViewController.m; sourceTree = "<group>"; };
		79655B89193F6E1F0014234A /* Images.xcassets */ = {isa = PBXFileReference; lastKnownFileType = folder.assetcatalog; path = Images.xcassets; sourceTree = "<group>"; };
		79655B8F193F6E1F0014234A /* LovelyAnimalDays_iOSTests.xctest */ = {isa = PBXFileReference; explicitFileType = wrapper.cfbundle; includeInIndex = 0; path = LovelyAnimalDays_iOSTests.xctest; sourceTree = BUILT_PRODUCTS_DIR; };
		79655B90193F6E1F0014234A /* XCTest.framework */ = {isa = PBXFileReference; lastKnownFileType = wrapper.framework; name = XCTest.framework; path = Library/Frameworks/XCTest.framework; sourceTree = DEVELOPER_DIR; };
		79655B99193F6E1F0014234A /* LovelyAnimalDays_iOSTests-Info.plist */ = {isa = PBXFileReference; lastKnownFileType = text.plist.xml; path = "LovelyAnimalDays_iOSTests-Info.plist"; sourceTree = "<group>"; };
		79655B9B193F6E1F0014234A /* en */ = {isa = PBXFileReference; lastKnownFileType = text.plist.strings; name = en; path = en.lproj/InfoPlist.strings; sourceTree = "<group>"; };
		79655B9D193F6E1F0014234A /* LovelyAnimalDays_iOSTests.m */ = {isa = PBXFileReference; lastKnownFileType = sourcecode.c.objc; path = LovelyAnimalDays_iOSTests.m; sourceTree = "<group>"; };
		79655BA7193F6FE10014234A /* Animal.h */ = {isa = PBXFileReference; fileEncoding = 4; lastKnownFileType = sourcecode.c.h; path = Animal.h; sourceTree = "<group>"; };
		79655BA8193F6FE10014234A /* Animal.m */ = {isa = PBXFileReference; fileEncoding = 4; lastKnownFileType = sourcecode.c.objc; path = Animal.m; sourceTree = "<group>"; };
/* End PBXFileReference section */

/* Begin PBXFrameworksBuildPhase section */
		79655B63193F6E1F0014234A /* Frameworks */ = {
			isa = PBXFrameworksBuildPhase;
			buildActionMask = 2147483647;
			files = (
				79655B6C193F6E1F0014234A /* CoreGraphics.framework in Frameworks */,
				79655B70193F6E1F0014234A /* CoreData.framework in Frameworks */,
				79655B6E193F6E1F0014234A /* UIKit.framework in Frameworks */,
				79655B6A193F6E1F0014234A /* Foundation.framework in Frameworks */,
			);
			runOnlyForDeploymentPostprocessing = 0;
		};
		79655B8C193F6E1F0014234A /* Frameworks */ = {
			isa = PBXFrameworksBuildPhase;
			buildActionMask = 2147483647;
			files = (
				79655B91193F6E1F0014234A /* XCTest.framework in Frameworks */,
				79655B94193F6E1F0014234A /* CoreData.framework in Frameworks */,
				79655B93193F6E1F0014234A /* UIKit.framework in Frameworks */,
				79655B92193F6E1F0014234A /* Foundation.framework in Frameworks */,
			);
			runOnlyForDeploymentPostprocessing = 0;
		};
/* End PBXFrameworksBuildPhase section */

/* Begin PBXGroup section */
		79655B5D193F6E1F0014234A = {
			isa = PBXGroup;
			children = (
				79655B71193F6E1F0014234A /* LovelyAnimalDays_iOS */,
				79655B97193F6E1F0014234A /* LovelyAnimalDays_iOSTests */,
				79655B68193F6E1F0014234A /* Frameworks */,
				79655B67193F6E1F0014234A /* Products */,
			);
			sourceTree = "<group>";
		};
		79655B67193F6E1F0014234A /* Products */ = {
			isa = PBXGroup;
			children = (
				79655B66193F6E1F0014234A /* LovelyAnimalDays_iOS.app */,
				79655B8F193F6E1F0014234A /* LovelyAnimalDays_iOSTests.xctest */,
			);
			name = Products;
			sourceTree = "<group>";
		};
		79655B68193F6E1F0014234A /* Frameworks */ = {
			isa = PBXGroup;
			children = (
				79655B69193F6E1F0014234A /* Foundation.framework */,
				79655B6B193F6E1F0014234A /* CoreGraphics.framework */,
				79655B6D193F6E1F0014234A /* UIKit.framework */,
				79655B6F193F6E1F0014234A /* CoreData.framework */,
				79655B90193F6E1F0014234A /* XCTest.framework */,
			);
			name = Frameworks;
			sourceTree = "<group>";
		};
		79655B71193F6E1F0014234A /* LovelyAnimalDays_iOS */ = {
			isa = PBXGroup;
			children = (
				79655BA7193F6FE10014234A /* Animal.h */,
				79655BA8193F6FE10014234A /* Animal.m */,
				79655B7A193F6E1F0014234A /* AppDelegate.h */,
				79655B7B193F6E1F0014234A /* AppDelegate.m */,
				79655B7D193F6E1F0014234A /* Main.storyboard */,
				79655B83193F6E1F0014234A /* MasterViewController.h */,
				79655B84193F6E1F0014234A /* MasterViewController.m */,
				79655B86193F6E1F0014234A /* DetailViewController.h */,
				79655B87193F6E1F0014234A /* DetailViewController.m */,
				79655B89193F6E1F0014234A /* Images.xcassets */,
				79655B80193F6E1F0014234A /* LovelyAnimalDays_iOS.xcdatamodeld */,
				79655B72193F6E1F0014234A /* Supporting Files */,
			);
			path = LovelyAnimalDays_iOS;
			sourceTree = "<group>";
		};
		79655B72193F6E1F0014234A /* Supporting Files */ = {
			isa = PBXGroup;
			children = (
				79655B73193F6E1F0014234A /* LovelyAnimalDays_iOS-Info.plist */,
				79655B74193F6E1F0014234A /* InfoPlist.strings */,
				79655B77193F6E1F0014234A /* main.m */,
				79655B79193F6E1F0014234A /* LovelyAnimalDays_iOS-Prefix.pch */,
			);
			name = "Supporting Files";
			sourceTree = "<group>";
		};
		79655B97193F6E1F0014234A /* LovelyAnimalDays_iOSTests */ = {
			isa = PBXGroup;
			children = (
				79655B9D193F6E1F0014234A /* LovelyAnimalDays_iOSTests.m */,
				79655B98193F6E1F0014234A /* Supporting Files */,
			);
			path = LovelyAnimalDays_iOSTests;
			sourceTree = "<group>";
		};
		79655B98193F6E1F0014234A /* Supporting Files */ = {
			isa = PBXGroup;
			children = (
				79655B99193F6E1F0014234A /* LovelyAnimalDays_iOSTests-Info.plist */,
				79655B9A193F6E1F0014234A /* InfoPlist.strings */,
			);
			name = "Supporting Files";
			sourceTree = "<group>";
		};
/* End PBXGroup section */

/* Begin PBXNativeTarget section */
		79655B65193F6E1F0014234A /* LovelyAnimalDays_iOS */ = {
			isa = PBXNativeTarget;
			buildConfigurationList = 79655BA1193F6E1F0014234A /* Build configuration list for PBXNativeTarget "LovelyAnimalDays_iOS" */;
			buildPhases = (
				79655B62193F6E1F0014234A /* Sources */,
				79655B63193F6E1F0014234A /* Frameworks */,
				79655B64193F6E1F0014234A /* Resources */,
			);
			buildRules = (
			);
			dependencies = (
			);
			name = LovelyAnimalDays_iOS;
			productName = LovelyAnimalDays_iOS;
			productReference = 79655B66193F6E1F0014234A /* LovelyAnimalDays_iOS.app */;
			productType = "com.apple.product-type.application";
		};
		79655B8E193F6E1F0014234A /* LovelyAnimalDays_iOSTests */ = {
			isa = PBXNativeTarget;
			buildConfigurationList = 79655BA4193F6E1F0014234A /* Build configuration list for PBXNativeTarget "LovelyAnimalDays_iOSTests" */;
			buildPhases = (
				79655B8B193F6E1F0014234A /* Sources */,
				79655B8C193F6E1F0014234A /* Frameworks */,
				79655B8D193F6E1F0014234A /* Resources */,
			);
			buildRules = (
			);
			dependencies = (
				79655B96193F6E1F0014234A /* PBXTargetDependency */,
			);
			name = LovelyAnimalDays_iOSTests;
			productName = LovelyAnimalDays_iOSTests;
			productReference = 79655B8F193F6E1F0014234A /* LovelyAnimalDays_iOSTests.xctest */;
			productType = "com.apple.product-type.bundle.unit-test";
		};
/* End PBXNativeTarget section */

/* Begin PBXProject section */
		79655B5E193F6E1F0014234A /* Project object */ = {
			isa = PBXProject;
			attributes = {
				LastUpgradeCheck = 0510;
				ORGANIZATIONNAME = "土屋 和良";
				TargetAttributes = {
					79655B8E193F6E1F0014234A = {
						TestTargetID = 79655B65193F6E1F0014234A;
					};
				};
			};
			buildConfigurationList = 79655B61193F6E1F0014234A /* Build configuration list for PBXProject "LovelyAnimalDays_iOS" */;
			compatibilityVersion = "Xcode 3.2";
			developmentRegion = English;
			hasScannedForEncodings = 0;
			knownRegions = (
				en,
				Base,
			);
			mainGroup = 79655B5D193F6E1F0014234A;
			productRefGroup = 79655B67193F6E1F0014234A /* Products */;
			projectDirPath = "";
			projectRoot = "";
			targets = (
				79655B65193F6E1F0014234A /* LovelyAnimalDays_iOS */,
				79655B8E193F6E1F0014234A /* LovelyAnimalDays_iOSTests */,
			);
		};
/* End PBXProject section */

/* Begin PBXResourcesBuildPhase section */
		79655B64193F6E1F0014234A /* Resources */ = {
			isa = PBXResourcesBuildPhase;
			buildActionMask = 2147483647;
			files = (
				79655B8A193F6E1F0014234A /* Images.xcassets in Resources */,
				79655B76193F6E1F0014234A /* InfoPlist.strings in Resources */,
				79655B7F193F6E1F0014234A /* Main.storyboard in Resources */,
			);
			runOnlyForDeploymentPostprocessing = 0;
		};
		79655B8D193F6E1F0014234A /* Resources */ = {
			isa = PBXResourcesBuildPhase;
			buildActionMask = 2147483647;
			files = (
				79655B9C193F6E1F0014234A /* InfoPlist.strings in Resources */,
			);
			runOnlyForDeploymentPostprocessing = 0;
		};
/* End PBXResourcesBuildPhase section */

/* Begin PBXSourcesBuildPhase section */
		79655B62193F6E1F0014234A /* Sources */ = {
			isa = PBXSourcesBuildPhase;
			buildActionMask = 2147483647;
			files = (
				79655B88193F6E1F0014234A /* DetailViewController.m in Sources */,
				79655B85193F6E1F0014234A /* MasterViewController.m in Sources */,
				79655B82193F6E1F0014234A /* LovelyAnimalDays_iOS.xcdatamodeld in Sources */,
				79655BA9193F6FE10014234A /* Animal.m in Sources */,
				79655B7C193F6E1F0014234A /* AppDelegate.m in Sources */,
				79655B78193F6E1F0014234A /* main.m in Sources */,
			);
			runOnlyForDeploymentPostprocessing = 0;
		};
		79655B8B193F6E1F0014234A /* Sources */ = {
			isa = PBXSourcesBuildPhase;
			buildActionMask = 2147483647;
			files = (
				79655B9E193F6E1F0014234A /* LovelyAnimalDays_iOSTests.m in Sources */,
			);
			runOnlyForDeploymentPostprocessing = 0;
		};
/* End PBXSourcesBuildPhase section */

/* Begin PBXTargetDependency section */
		79655B96193F6E1F0014234A /* PBXTargetDependency */ = {
			isa = PBXTargetDependency;
			target = 79655B65193F6E1F0014234A /* LovelyAnimalDays_iOS */;
			targetProxy = 79655B95193F6E1F0014234A /* PBXContainerItemProxy */;
		};
/* End PBXTargetDependency section */

/* Begin PBXVariantGroup section */
		79655B74193F6E1F0014234A /* InfoPlist.strings */ = {
			isa = PBXVariantGroup;
			children = (
				79655B75193F6E1F0014234A /* en */,
			);
			name = InfoPlist.strings;
			sourceTree = "<group>";
		};
		79655B7D193F6E1F0014234A /* Main.storyboard */ = {
			isa = PBXVariantGroup;
			children = (
				79655B7E193F6E1F0014234A /* Base */,
			);
			name = Main.storyboard;
			sourceTree = "<group>";
		};
		79655B9A193F6E1F0014234A /* InfoPlist.strings */ = {
			isa = PBXVariantGroup;
			children = (
				79655B9B193F6E1F0014234A /* en */,
			);
			name = InfoPlist.strings;
			sourceTree = "<group>";
		};
/* End PBXVariantGroup section */

/* Begin XCBuildConfiguration section */
		79655B9F193F6E1F0014234A /* Debug */ = {
			isa = XCBuildConfiguration;
			buildSettings = {
				ALWAYS_SEARCH_USER_PATHS = NO;
				CLANG_CXX_LANGUAGE_STANDARD = "gnu++0x";
				CLANG_CXX_LIBRARY = "libc++";
				CLANG_ENABLE_MODULES = YES;
				CLANG_ENABLE_OBJC_ARC = YES;
				CLANG_WARN_BOOL_CONVERSION = YES;
				CLANG_WARN_CONSTANT_CONVERSION = YES;
				CLANG_WARN_DIRECT_OBJC_ISA_USAGE = YES_ERROR;
				CLANG_WARN_EMPTY_BODY = YES;
				CLANG_WARN_ENUM_CONVERSION = YES;
				CLANG_WARN_INT_CONVERSION = YES;
				CLANG_WARN_OBJC_ROOT_CLASS = YES_ERROR;
				CLANG_WARN__DUPLICATE_METHOD_MATCH = YES;
				"CODE_SIGN_IDENTITY[sdk=iphoneos*]" = "iPhone Developer";
				COPY_PHASE_STRIP = NO;
				GCC_C_LANGUAGE_STANDARD = gnu99;
				GCC_DYNAMIC_NO_PIC = NO;
				GCC_OPTIMIZATION_LEVEL = 0;
				GCC_PREPROCESSOR_DEFINITIONS = (
					"DEBUG=1",
					"$(inherited)",
				);
				GCC_SYMBOLS_PRIVATE_EXTERN = NO;
				GCC_WARN_64_TO_32_BIT_CONVERSION = YES;
				GCC_WARN_ABOUT_RETURN_TYPE = YES_ERROR;
				GCC_WARN_UNDECLARED_SELECTOR = YES;
				GCC_WARN_UNINITIALIZED_AUTOS = YES_AGGRESSIVE;
				GCC_WARN_UNUSED_FUNCTION = YES;
				GCC_WARN_UNUSED_VARIABLE = YES;
				IPHONEOS_DEPLOYMENT_TARGET = 7.1;
				ONLY_ACTIVE_ARCH = YES;
				SDKROOT = iphoneos;
			};
			name = Debug;
		};
		79655BA0193F6E1F0014234A /* Release */ = {
			isa = XCBuildConfiguration;
			buildSettings = {
				ALWAYS_SEARCH_USER_PATHS = NO;
				CLANG_CXX_LANGUAGE_STANDARD = "gnu++0x";
				CLANG_CXX_LIBRARY = "libc++";
				CLANG_ENABLE_MODULES = YES;
				CLANG_ENABLE_OBJC_ARC = YES;
				CLANG_WARN_BOOL_CONVERSION = YES;
				CLANG_WARN_CONSTANT_CONVERSION = YES;
				CLANG_WARN_DIRECT_OBJC_ISA_USAGE = YES_ERROR;
				CLANG_WARN_EMPTY_BODY = YES;
				CLANG_WARN_ENUM_CONVERSION = YES;
				CLANG_WARN_INT_CONVERSION = YES;
				CLANG_WARN_OBJC_ROOT_CLASS = YES_ERROR;
				CLANG_WARN__DUPLICATE_METHOD_MATCH = YES;
				"CODE_SIGN_IDENTITY[sdk=iphoneos*]" = "iPhone Developer";
				COPY_PHASE_STRIP = YES;
				ENABLE_NS_ASSERTIONS = NO;
				GCC_C_LANGUAGE_STANDARD = gnu99;
				GCC_WARN_64_TO_32_BIT_CONVERSION = YES;
				GCC_WARN_ABOUT_RETURN_TYPE = YES_ERROR;
				GCC_WARN_UNDECLARED_SELECTOR = YES;
				GCC_WARN_UNINITIALIZED_AUTOS = YES_AGGRESSIVE;
				GCC_WARN_UNUSED_FUNCTION = YES;
				GCC_WARN_UNUSED_VARIABLE = YES;
				IPHONEOS_DEPLOYMENT_TARGET = 7.1;
				SDKROOT = iphoneos;
				VALIDATE_PRODUCT = YES;
			};
			name = Release;
		};
		79655BA2193F6E1F0014234A /* Debug */ = {
			isa = XCBuildConfiguration;
			buildSettings = {
				ASSETCATALOG_COMPILER_APPICON_NAME = AppIcon;
				ASSETCATALOG_COMPILER_LAUNCHIMAGE_NAME = LaunchImage;
				GCC_PRECOMPILE_PREFIX_HEADER = YES;
				GCC_PREFIX_HEADER = "LovelyAnimalDays_iOS/LovelyAnimalDays_iOS-Prefix.pch";
				INFOPLIST_FILE = "LovelyAnimalDays_iOS/LovelyAnimalDays_iOS-Info.plist";
				PRODUCT_NAME = "$(TARGET_NAME)";
				WRAPPER_EXTENSION = app;
			};
			name = Debug;
		};
		79655BA3193F6E1F0014234A /* Release */ = {
			isa = XCBuildConfiguration;
			buildSettings = {
				ASSETCATALOG_COMPILER_APPICON_NAME = AppIcon;
				ASSETCATALOG_COMPILER_LAUNCHIMAGE_NAME = LaunchImage;
				GCC_PRECOMPILE_PREFIX_HEADER = YES;
				GCC_PREFIX_HEADER = "LovelyAnimalDays_iOS/LovelyAnimalDays_iOS-Prefix.pch";
				INFOPLIST_FILE = "LovelyAnimalDays_iOS/LovelyAnimalDays_iOS-Info.plist";
				PRODUCT_NAME = "$(TARGET_NAME)";
				WRAPPER_EXTENSION = app;
			};
			name = Release;
		};
		79655BA5193F6E1F0014234A /* Debug */ = {
			isa = XCBuildConfiguration;
			buildSettings = {
				BUNDLE_LOADER = "$(BUILT_PRODUCTS_DIR)/LovelyAnimalDays_iOS.app/LovelyAnimalDays_iOS";
				FRAMEWORK_SEARCH_PATHS = (
					"$(SDKROOT)/Developer/Library/Frameworks",
					"$(inherited)",
					"$(DEVELOPER_FRAMEWORKS_DIR)",
				);
				GCC_PRECOMPILE_PREFIX_HEADER = YES;
				GCC_PREFIX_HEADER = "LovelyAnimalDays_iOS/LovelyAnimalDays_iOS-Prefix.pch";
				GCC_PREPROCESSOR_DEFINITIONS = (
					"DEBUG=1",
					"$(inherited)",
				);
				INFOPLIST_FILE = "LovelyAnimalDays_iOSTests/LovelyAnimalDays_iOSTests-Info.plist";
				PRODUCT_NAME = "$(TARGET_NAME)";
				TEST_HOST = "$(BUNDLE_LOADER)";
				WRAPPER_EXTENSION = xctest;
			};
			name = Debug;
		};
		79655BA6193F6E1F0014234A /* Release */ = {
			isa = XCBuildConfiguration;
			buildSettings = {
				BUNDLE_LOADER = "$(BUILT_PRODUCTS_DIR)/LovelyAnimalDays_iOS.app/LovelyAnimalDays_iOS";
				FRAMEWORK_SEARCH_PATHS = (
					"$(SDKROOT)/Developer/Library/Frameworks",
					"$(inherited)",
					"$(DEVELOPER_FRAMEWORKS_DIR)",
				);
				GCC_PRECOMPILE_PREFIX_HEADER = YES;
				GCC_PREFIX_HEADER = "LovelyAnimalDays_iOS/LovelyAnimalDays_iOS-Prefix.pch";
				INFOPLIST_FILE = "LovelyAnimalDays_iOSTests/LovelyAnimalDays_iOSTests-Info.plist";
				PRODUCT_NAME = "$(TARGET_NAME)";
				TEST_HOST = "$(BUNDLE_LOADER)";
				WRAPPER_EXTENSION = xctest;
			};
			name = Release;
		};
/* End XCBuildConfiguration section */

/* Begin XCConfigurationList section */
		79655B61193F6E1F0014234A /* Build configuration list for PBXProject "LovelyAnimalDays_iOS" */ = {
			isa = XCConfigurationList;
			buildConfigurations = (
				79655B9F193F6E1F0014234A /* Debug */,
				79655BA0193F6E1F0014234A /* Release */,
			);
			defaultConfigurationIsVisible = 0;
			defaultConfigurationName = Release;
		};
		79655BA1193F6E1F0014234A /* Build configuration list for PBXNativeTarget "LovelyAnimalDays_iOS" */ = {
			isa = XCConfigurationList;
			buildConfigurations = (
				79655BA2193F6E1F0014234A /* Debug */,
				79655BA3193F6E1F0014234A /* Release */,
			);
			defaultConfigurationIsVisible = 0;
		};
		79655BA4193F6E1F0014234A /* Build configuration list for PBXNativeTarget "LovelyAnimalDays_iOSTests" */ = {
			isa = XCConfigurationList;
			buildConfigurations = (
				79655BA5193F6E1F0014234A /* Debug */,
				79655BA6193F6E1F0014234A /* Release */,
			);
			defaultConfigurationIsVisible = 0;
		};
/* End XCConfigurationList section */

/* Begin XCVersionGroup section */
		79655B80193F6E1F0014234A /* LovelyAnimalDays_iOS.xcdatamodeld */ = {
			isa = XCVersionGroup;
			children = (
				79655B81193F6E1F0014234A /* LovelyAnimalDays_iOS.xcdatamodel */,
			);
			currentVersion = 79655B81193F6E1F0014234A /* LovelyAnimalDays_iOS.xcdatamodel */;
			path = LovelyAnimalDays_iOS.xcdatamodeld;
			sourceTree = "<group>";
			versionGroupType = wrapper.xcdatamodel;
		};
/* End XCVersionGroup section */
	};
	rootObject = 79655B5E193F6E1F0014234A /* Project object */;
}
